
Microsoft Visual Studio Solution File, Format Version 12.00
# Visual Studio 15
VisualStudioVersion = 15.0.28307.1062
MinimumVisualStudioVersion = 10.0.40219.1
Project("{FAE04EC0-301F-11D3-BF4B-00C04F79EFBC}") = "LezzetYolculugu", "LezzetYolculugu\LezzetYolculugu.csproj", "{24B7C65F-1D2D-4385-A4ED-DB50BF50EF9F}"
EndProject
Global
	GlobalSection(SolutionConfigurationPlatforms) = preSolution
		Debug|Any CPU = Debug|Any CPU
		Release|Any CPU = Release|Any CPU
	EndGlobalSection
	GlobalSection(ProjectConfigurationPlatforms) = postSolution
		{24B7C65F-1D2D-4385-A4ED-DB50BF50EF9F}.Debug|Any CPU.ActiveCfg = Debug|Any CPU
		{24B7C65F-1D2D-4385-A4ED-DB50BF50EF9F}.Debug|Any CPU.Build.0 = Debug|Any CPU
		{24B7C65F-1D2D-4385-A4ED-DB50BF50EF9F}.Release|Any CPU.ActiveCfg = Release|Any CPU
		{24B7C65F-1D2D-4385-A4ED-DB50BF50EF9F}.Release|Any CPU.Build.0 = Release|Any CPU
	EndGlobalSection
	GlobalSection(SolutionProperties) = preSolution
		HideSolutionNode = FALSE
	EndGlobalSection
	GlobalSection(ExtensibilityGlobals) = postSolution
		SolutionGuid = {2D8AC221-B896-48CB-98B5-C1F1C015AEE4}
	EndGlobalSection
EndGlobal
